Microsoft Visual Studio Solution File, Format Version 12.00
# Visual Studio Version 17
VisualStudioVersion = 17.5.2.0
MinimumVisualStudioVersion = 10.0.40219.1
Project("{FAE04EC0-301F-11D3-BF4B-00C04F79EFBC}") = "ReenbitTest.UI", "ReenbitTest.UI\ReenbitTest.UI.csproj", "{160ADA26-7F50-01A8-4190-C2CDD70F51F3}"
EndProject
Global
	GlobalSection(SolutionConfigurationPlatforms) = preSolution
		Debug|Any CPU = Debug|Any CPU
		Release|Any CPU = Release|Any CPU
	EndGlobalSection
	GlobalSection(ProjectConfigurationPlatforms) = postSolution
		{160ADA26-7F50-01A8-4190-C2CDD70F51F3}.Debug|Any CPU.ActiveCfg = Debug|Any CPU
		{160ADA26-7F50-01A8-4190-C2CDD70F51F3}.Debug|Any CPU.Build.0 = Debug|Any CPU
		{160ADA26-7F50-01A8-4190-C2CDD70F51F3}.Release|Any CPU.ActiveCfg = Release|Any CPU
		{160ADA26-7F50-01A8-4190-C2CDD70F51F3}.Release|Any CPU.Build.0 = Release|Any CPU
	EndGlobalSection
	GlobalSection(SolutionProperties) = preSolution
		HideSolutionNode = FALSE
	EndGlobalSection
	GlobalSection(ExtensibilityGlobals) = postSolution
		SolutionGuid = {2F37D642-A2FC-4422-BD25-14AA3E04E162}
	EndGlobalSection
EndGlobal
